
Microsoft Visual Studio Solution File, Format Version 12.00
# Visual Studio Version 16
VisualStudioVersion = 16.0.30503.244
MinimumVisualStudioVersion = 10.0.40219.1
Project("{9A19103F-16F7-4668-BE54-9A1E7A4F7556}") = "MomentumDiscordBot", "MomentumDiscordBot\MomentumDiscordBot.csproj", "{48185D66-E823-4EF5-881D-4FBC247BD601}"
EndProject
Global
	GlobalSection(SolutionConfigurationPlatforms) = preSolution
		Debug|Any CPU = Debug|Any CPU
		Release|Any CPU = Release|Any CPU
	EndGlobalSection
	GlobalSection(ProjectConfigurationPlatforms) = postSolution
		{48185D66-E823-4EF5-881D-4FBC247BD601}.Debug|Any CPU.ActiveCfg = Debug|Any CPU
		{48185D66-E823-4EF5-881D-4FBC247BD601}.Debug|Any CPU.Build.0 = Debug|Any CPU
		{48185D66-E823-4EF5-881D-4FBC247BD601}.Release|Any CPU.ActiveCfg = Release|Any CPU
		{48185D66-E823-4EF5-881D-4FBC247BD601}.Release|Any CPU.Build.0 = Release|Any CPU
	EndGlobalSection
	GlobalSection(SolutionProperties) = preSolution
		HideSolutionNode = FALSE
	EndGlobalSection
	GlobalSection(ExtensibilityGlobals) = postSolution
		SolutionGuid = {57589C22-EA46-4A37-B1A4-8ED368FB3040}
	EndGlobalSection
EndGlobal
